{
  "object": {
    "pins": [
      {
        "package": "YandexMapsMobileLite",
        "repositoryURL": "https://github.com/c-villain/YandexMapsMobileLite",
        "state": {
          "branch": null,
          "revision": "f4be251ac5f1a4122603d0ed57a5817df528ad23",
          "version": "4.8.0"
        }
      }
    ]
  },
  "version": 1
}
